
Microsoft Visual Studio Solution File, Format Version 11.00
# Visual Studio 2010
Project("{54435603-DBB4-11D2-8724-00A0C9A8B90C}") = "MaxwellSDKWrapper.Installer", "SMT.NextLimit.Maxwell.SDKWrapper.Installer\MaxwellSDKWrapper.Installer.vdproj", "{DC06B7C3-D894-45C9-BA84-46AA89946DAE}"
EndProject
Project("{F184B08F-C81C-45F6-A57F-5ABD9991F28F}") = "SMT.Alentejo.LogReader", "SMT.Alentejo.LogReader\SMT.Alentejo.LogReader.vbproj", "{90A37BA6-E6FB-40E8-8505-540E511E1906}"
EndProject
Project("{F184B08F-C81C-45F6-A57F-5ABD9991F28F}") = "SMT.Alentejo.Credit.Write", "SMT.Alentejo.Credit.Write\SMT.Alentejo.Credit.Write.vbproj", "{DE453BF5-468C-49E0-8D14-4B88C775A4A3}"
EndProject
Project("{F184B08F-C81C-45F6-A57F-5ABD9991F28F}") = "SMT.Alentejo.Credit.TestHarness", "SMT.Alentejo.Credit.TestHarness\SMT.Alentejo.Credit.TestHarness.vbproj", "{DF7F071A-2FA4-411C-9650-7ECC1EBFD39C}"
EndProject
Project("{F184B08F-C81C-45F6-A57F-5ABD9991F28F}") = "SMT.Alentejo.Web", "Alentejo.Web\SMT.Alentejo.Web.vbproj", "{78465D8F-AACA-4736-B872-BDEA670DB706}"
EndProject
Project("{F184B08F-C81C-45F6-A57F-5ABD9991F28F}") = "SMT.Alentejo_SLA", "Alentejo_SLA\SMT.Alentejo_SLA.vbproj", "{1B29996A-6928-4987-A041-17EF1946D6F2}"
EndProject
Project("{F184B08F-C81C-45F6-A57F-5ABD9991F28F}") = "SMT.Alentejo.Apps.TestHarness", "SMT.Alentejo.Apps.TestHarness\SMT.Alentejo.Apps.TestHarness.vbproj", "{2F2B8C73-79DC-4889-A608-F47D71085F5D}"
EndProject
Project("{F184B08F-C81C-45F6-A57F-5ABD9991F28F}") = "SMT.Alentejo.Core", "SMT.Alentejo.Core\SMT.Alentejo.Core.vbproj", "{8B111C97-6565-47E7-AC9B-6B5C1EC491C9}"
EndProject
Project("{F184B08F-C81C-45F6-A57F-5ABD9991F28F}") = "SMT.Alentejo.InstanceDispatcher", "SMT.Alentejo.InstanceDispatcher\SMT.Alentejo.InstanceDispatcher.vbproj", "{CC012B77-A080-44DD-930B-DE6826D76EB6}"
EndProject
Project("{F184B08F-C81C-45F6-A57F-5ABD9991F28F}") = "SMT.Alentejo.InstanceHealthService", "SMT.Alentejo.InstanceHealthService\SMT.Alentejo.InstanceHealthService.vbproj", "{A6FABF0A-24A3-449A-A030-6213537BA9CD}"
EndProject
Project("{F184B08F-C81C-45F6-A57F-5ABD9991F28F}") = "SMT.Alentejo.JobFileTransferManager", "SMT.Alentejo.JobFileTransferManager\SMT.Alentejo.JobFileTransferManager.vbproj", "{151EB468-6594-4E81-8ACB-C1CA5BD7C980}"
EndProject
Project("{F184B08F-C81C-45F6-A57F-5ABD9991F28F}") = "SMT.Alentejo.RenderManager", "SMT.Alentejo.RenderManager\SMT.Alentejo.RenderManager.vbproj", "{03DFB70A-0640-4265-A6BF-0B34A9075E68}"
EndProject
Project("{F184B08F-C81C-45F6-A57F-5ABD9991F28F}") = "SMT.Alentejo.SystemDashboard", "SMT.Alentejo.SystemDashboard\SMT.Alentejo.SystemDashboard.vbproj", "{196AEC55-6127-4817-B29C-15E12C8F1761}"
EndProject
Project("{F184B08F-C81C-45F6-A57F-5ABD9991F28F}") = "SMT.NextLimit.Maxwell", "SMT.NextLimit.Maxwell\SMT.NextLimit.Maxwell.vbproj", "{A7856141-BE76-4040-882D-4320FC5BAD60}"
EndProject
Project("{8BC9CEB8-8B4A-11D0-8D11-00A0C91BC942}") = "MaxwellSDKWrapper", "SMT.NextLimit.Maxwell.SDKWrapper\MaxwellSDKWrapper.vcxproj", "{AB31011B-D2C3-48EF-A075-8472A284E3C1}"
EndProject
Project("{F184B08F-C81C-45F6-A57F-5ABD9991F28F}") = "SMT.NextLimit.Maxwell.TestHarness", "SMT.NextLimit.Maxwell.TestHarness\SMT.NextLimit.Maxwell.TestHarness.vbproj", "{9FF3F149-F67C-4BAA-B542-6FA108DF5936}"
EndProject
Project("{FAE04EC0-301F-11D3-BF4B-00C04F79EFBC}") = "Affirma.ThreeSharp", "..\SMT.AWS\Affirma.ThreeSharp\Affirma.ThreeSharp.csproj", "{1A12C68D-7C3B-46A6-8406-10ADCFA51B7A}"
EndProject
Project("{F184B08F-C81C-45F6-A57F-5ABD9991F28F}") = "Affirma.ThreeSharp.SMTClient", "..\SMT.AWS\Affirma.ThreeSharp.SMTClient\Affirma.ThreeSharp.SMTClient.vbproj", "{2259D77C-CE4D-46E1-81A7-431D7A529BB2}"
EndProject
Project("{F184B08F-C81C-45F6-A57F-5ABD9991F28F}") = "Amazon.EC2", "..\SMT.AWS\Amazon.EC2\Amazon.EC2.vbproj", "{0F7D6525-047F-4FBC-804C-C92B3D00F518}"
EndProject
Project("{F184B08F-C81C-45F6-A57F-5ABD9991F28F}") = "Amazon.EC2.SMTClient", "..\SMT.AWS\Amazon.EC2.SMTClient\Amazon.EC2.SMTClient.vbproj", "{514AE618-CF33-43C3-AC85-C11DA6682191}"
EndProject
Project("{F184B08F-C81C-45F6-A57F-5ABD9991F28F}") = "Amazon.SDB", "..\SMT.AWS\Amazon.SDB\Amazon.SDB.vbproj", "{4F37D562-5F22-496B-80A2-4D17C9ED54E9}"
EndProject
Project("{F184B08F-C81C-45F6-A57F-5ABD9991F28F}") = "Amazon.SDB.SMTClient", "..\SMT.AWS\Amazon.SDB.SMTClient\Amazon.SDB.SMTClient.vbproj", "{6CC1095B-3D96-4382-A53A-7B42C97130A2}"
EndProject
Project("{F184B08F-C81C-45F6-A57F-5ABD9991F28F}") = "Amazon.SQS", "..\SMT.AWS\Amazon.SQS\Amazon.SQS.vbproj", "{C39C38ED-85AE-46E4-AE99-68E3CCBF1CE9}"
EndProject
Project("{F184B08F-C81C-45F6-A57F-5ABD9991F28F}") = "Amazon.SQS.SMTClient", "..\SMT.AWS\Amazon.SQS.SMTClient\Amazon.SQS.SMTClient.vbproj", "{51B46A29-2E63-42F8-A28D-F696E5AD7945}"
EndProject
Project("{F184B08F-C81C-45F6-A57F-5ABD9991F28F}") = "SMT.AWS", "..\SMT.AWS\SMT.AWS\SMT.AWS.vbproj", "{0DC6C6F3-FB02-4EDC-98A1-5F1F47D7B9AA}"
EndProject
Project("{F184B08F-C81C-45F6-A57F-5ABD9991F28F}") = "SMT.AWS.Authorization", "..\SMT.AWS\SMT.AWS.Authorization\SMT.AWS.Authorization.vbproj", "{B87B1453-6725-42A5-91CC-CA2F9F565E0F}"
EndProject
Project("{F184B08F-C81C-45F6-A57F-5ABD9991F28F}") = "SMT.AWS.TestHarness", "..\SMT.AWS\SMT.AWS.TestHarness\SMT.AWS.TestHarness.vbproj", "{1472F462-4CD7-4CB8-A403-4F0D532D08C0}"
EndProject
Project("{F184B08F-C81C-45F6-A57F-5ABD9991F28F}") = "SMT.Jellyfish", "..\..\Libraries\Silverlight UI\SMT.Jellyfish\SMT.Jellyfish\SMT.Jellyfish.vbproj", "{FDF44C66-D844-4721-9A29-48705B0F7328}"
EndProject
Project("{FAE04EC0-301F-11D3-BF4B-00C04F79EFBC}") = "Cooper.Silverlight.Controls", "..\..\Libraries\Silverlight UI\Cooper.Silverlight.Controls\Cooper.Silverlight.Controls.csproj", "{74EFD5A3-FE23-4301-BDB9-A0770EA8A6B3}"
EndProject
Project("{F184B08F-C81C-45F6-A57F-5ABD9991F28F}") = "SMT.PayPal.API", "..\..\Libraries\PayPal\SMT.PayPal.API\SMT.PayPal.API.vbproj", "{BBE4B83E-916C-40B0-89C1-6D7956D3EB50}"
EndProject
Project("{F184B08F-C81C-45F6-A57F-5ABD9991F28F}") = "SMT.PayPal.TestHarness", "..\..\Libraries\PayPal\PayPalTestHarness\SMT.PayPal.TestHarness.vbproj", "{54E0FE96-496F-4AF8-AD2D-8C7513CC489F}"
EndProject
Project("{FAE04EC0-301F-11D3-BF4B-00C04F79EFBC}") = "PayPal.SDK.Base", "..\..\Libraries\PayPal\SOAP\Base\PayPal.SDK.Base.csproj", "{53B3A3EE-609E-4328-8176-1B076BEAB207}"
EndProject
Project("{2CFEAB61-6A3B-4EB8-B523-560B4BEEF521}") = "SMT.Alentejo.Web.vbproj_deploy", "SMT.Alentejo.Web.deploy\SMT.Alentejo.Web.vbproj_deploy.wdproj", "{18A9F14E-7249-4770-82E4-26C2FBCBF4FA}"
EndProject
Project("{F184B08F-C81C-45F6-A57F-5ABD9991F28F}") = "SMT.Alentejo.AppPublisher", "SMT.Alentejo.AppPublisher\SMT.Alentejo.AppPublisher.vbproj", "{0C9B3B06-78DC-45A1-AED0-490F1B93DEE3}"
EndProject
Project("{F184B08F-C81C-45F6-A57F-5ABD9991F28F}") = "SMT.Alentejo.Services", "SMT.Runuh.Services\SMT.Alentejo.Services.vbproj", "{1629398F-C805-4C05-8CA4-0D89AF751219}"
EndProject
Project("{F184B08F-C81C-45F6-A57F-5ABD9991F28F}") = "SMT.Runuh.Services.TestHarness", "SMT.Runuh.Services.TestHarness\SMT.Runuh.Services.TestHarness.vbproj", "{79CD14ED-E6E0-491F-B3DF-E9F10CB16BCD}"
	ProjectSection(ProjectDependencies) = postProject
		{1629398F-C805-4C05-8CA4-0D89AF751219} = {1629398F-C805-4C05-8CA4-0D89AF751219}
	EndProjectSection
EndProject
Global
	GlobalSection(SolutionConfigurationPlatforms) = preSolution
		Debug|Any CPU = Debug|Any CPU
		Debug|Mixed Platforms = Debug|Mixed Platforms
		Debug|Win32 = Debug|Win32
		Debug|x86 = Debug|x86
		Release|Any CPU = Release|Any CPU
		Release|Mixed Platforms = Release|Mixed Platforms
		Release|Win32 = Release|Win32
		Release|x86 = Release|x86
	EndGlobalSection
	GlobalSection(ProjectConfigurationPlatforms) = postSolution
		{DC06B7C3-D894-45C9-BA84-46AA89946DAE}.Debug|Any CPU.ActiveCfg = Debug
		{DC06B7C3-D894-45C9-BA84-46AA89946DAE}.Debug|Any CPU.Build.0 = Debug
		{DC06B7C3-D894-45C9-BA84-46AA89946DAE}.Debug|Mixed Platforms.ActiveCfg = Debug
		{DC06B7C3-D894-45C9-BA84-46AA89946DAE}.Debug|Win32.ActiveCfg = Debug
		{DC06B7C3-D894-45C9-BA84-46AA89946DAE}.Debug|Win32.Build.0 = Debug
		{DC06B7C3-D894-45C9-BA84-46AA89946DAE}.Debug|x86.ActiveCfg = Debug
		{DC06B7C3-D894-45C9-BA84-46AA89946DAE}.Debug|x86.Build.0 = Debug
		{DC06B7C3-D894-45C9-BA84-46AA89946DAE}.Release|Any CPU.ActiveCfg = Release
		{DC06B7C3-D894-45C9-BA84-46AA89946DAE}.Release|Any CPU.Build.0 = Release
		{DC06B7C3-D894-45C9-BA84-46AA89946DAE}.Release|Mixed Platforms.ActiveCfg = Release
		{DC06B7C3-D894-45C9-BA84-46AA89946DAE}.Release|Win32.ActiveCfg = Release
		{DC06B7C3-D894-45C9-BA84-46AA89946DAE}.Release|Win32.Build.0 = Release
		{DC06B7C3-D894-45C9-BA84-46AA89946DAE}.Release|x86.ActiveCfg = Release
		{DC06B7C3-D894-45C9-BA84-46AA89946DAE}.Release|x86.Build.0 = Release
		{90A37BA6-E6FB-40E8-8505-540E511E1906}.Debug|Any CPU.ActiveCfg = Debug|Any CPU
		{90A37BA6-E6FB-40E8-8505-540E511E1906}.Debug|Any CPU.Build.0 = Debug|Any CPU
		{90A37BA6-E6FB-40E8-8505-540E511E1906}.Debug|Mixed Platforms.ActiveCfg = Debug|Any CPU
		{90A37BA6-E6FB-40E8-8505-540E511E1906}.Debug|Mixed Platforms.Build.0 = Debug|Any CPU
		{90A37BA6-E6FB-40E8-8505-540E511E1906}.Debug|Win32.ActiveCfg = Debug|Any CPU
		{90A37BA6-E6FB-40E8-8505-540E511E1906}.Debug|x86.ActiveCfg = Debug|Any CPU
		{90A37BA6-E6FB-40E8-8505-540E511E1906}.Release|Any CPU.ActiveCfg = Release|Any CPU
		{90A37BA6-E6FB-40E8-8505-540E511E1906}.Release|Any CPU.Build.0 = Release|Any CPU
		{90A37BA6-E6FB-40E8-8505-540E511E1906}.Release|Mixed Platforms.ActiveCfg = Release|Any CPU
		{90A37BA6-E6FB-40E8-8505-540E511E1906}.Release|Mixed Platforms.Build.0 = Release|Any CPU
		{90A37BA6-E6FB-40E8-8505-540E511E1906}.Release|Win32.ActiveCfg = Release|Any CPU
		{90A37BA6-E6FB-40E8-8505-540E511E1906}.Release|x86.ActiveCfg = Release|Any CPU
		{DE453BF5-468C-49E0-8D14-4B88C775A4A3}.Debug|Any CPU.ActiveCfg = Debug|Any CPU
		{DE453BF5-468C-49E0-8D14-4B88C775A4A3}.Debug|Any CPU.Build.0 = Debug|Any CPU
		{DE453BF5-468C-49E0-8D14-4B88C775A4A3}.Debug|Mixed Platforms.ActiveCfg = Debug|Any CPU
		{DE453BF5-468C-49E0-8D14-4B88C775A4A3}.Debug|Mixed Platforms.Build.0 = Debug|Any CPU
		{DE453BF5-468C-49E0-8D14-4B88C775A4A3}.Debug|Win32.ActiveCfg = Debug|Any CPU
		{DE453BF5-468C-49E0-8D14-4B88C775A4A3}.Debug|x86.ActiveCfg = Debug|Any CPU
		{DE453BF5-468C-49E0-8D14-4B88C775A4A3}.Release|Any CPU.ActiveCfg = Release|Any CPU
		{DE453BF5-468C-49E0-8D14-4B88C775A4A3}.Release|Any CPU.Build.0 = Release|Any CPU
		{DE453BF5-468C-49E0-8D14-4B88C775A4A3}.Release|Mixed Platforms.ActiveCfg = Release|Any CPU
		{DE453BF5-468C-49E0-8D14-4B88C775A4A3}.Release|Mixed Platforms.Build.0 = Release|Any CPU
		{DE453BF5-468C-49E0-8D14-4B88C775A4A3}.Release|Win32.ActiveCfg = Release|Any CPU
		{DE453BF5-468C-49E0-8D14-4B88C775A4A3}.Release|x86.ActiveCfg = Release|Any CPU
		{DF7F071A-2FA4-411C-9650-7ECC1EBFD39C}.Debug|Any CPU.ActiveCfg = Debug|Any CPU
		{DF7F071A-2FA4-411C-9650-7ECC1EBFD39C}.Debug|Any CPU.Build.0 = Debug|Any CPU
		{DF7F071A-2FA4-411C-9650-7ECC1EBFD39C}.Debug|Mixed Platforms.ActiveCfg = Debug|Any CPU
		{DF7F071A-2FA4-411C-9650-7ECC1EBFD39C}.Debug|Mixed Platforms.Build.0 = Debug|Any CPU
		{DF7F071A-2FA4-411C-9650-7ECC1EBFD39C}.Debug|Win32.ActiveCfg = Debug|Any CPU
		{DF7F071A-2FA4-411C-9650-7ECC1EBFD39C}.Debug|x86.ActiveCfg = Debug|Any CPU
		{DF7F071A-2FA4-411C-9650-7ECC1EBFD39C}.Release|Any CPU.ActiveCfg = Release|Any CPU
		{DF7F071A-2FA4-411C-9650-7ECC1EBFD39C}.Release|Any CPU.Build.0 = Release|Any CPU
		{DF7F071A-2FA4-411C-9650-7ECC1EBFD39C}.Release|Mixed Platforms.ActiveCfg = Release|Any CPU
		{DF7F071A-2FA4-411C-9650-7ECC1EBFD39C}.Release|Mixed Platforms.Build.0 = Release|Any CPU
		{DF7F071A-2FA4-411C-9650-7ECC1EBFD39C}.Release|Win32.ActiveCfg = Release|Any CPU
		{DF7F071A-2FA4-411C-9650-7ECC1EBFD39C}.Release|x86.ActiveCfg = Release|Any CPU
		{78465D8F-AACA-4736-B872-BDEA670DB706}.Debug|Any CPU.ActiveCfg = Debug|Any CPU
		{78465D8F-AACA-4736-B872-BDEA670DB706}.Debug|Any CPU.Build.0 = Debug|Any CPU
		{78465D8F-AACA-4736-B872-BDEA670DB706}.Debug|Mixed Platforms.ActiveCfg = Debug|Any CPU
		{78465D8F-AACA-4736-B872-BDEA670DB706}.Debug|Mixed Platforms.Build.0 = Debug|Any CPU
		{78465D8F-AACA-4736-B872-BDEA670DB706}.Debug|Win32.ActiveCfg = Debug|Any CPU
		{78465D8F-AACA-4736-B872-BDEA670DB706}.Debug|x86.ActiveCfg = Debug|Any CPU
		{78465D8F-AACA-4736-B872-BDEA670DB706}.Release|Any CPU.ActiveCfg = Release|Any CPU
		{78465D8F-AACA-4736-B872-BDEA670DB706}.Release|Any CPU.Build.0 = Release|Any CPU
		{78465D8F-AACA-4736-B872-BDEA670DB706}.Release|Mixed Platforms.ActiveCfg = Release|Any CPU
		{78465D8F-AACA-4736-B872-BDEA670DB706}.Release|Mixed Platforms.Build.0 = Release|Any CPU
		{78465D8F-AACA-4736-B872-BDEA670DB706}.Release|Win32.ActiveCfg = Release|Any CPU
		{78465D8F-AACA-4736-B872-BDEA670DB706}.Release|x86.ActiveCfg = Release|Any CPU
		{1B29996A-6928-4987-A041-17EF1946D6F2}.Debug|Any CPU.ActiveCfg = Debug|Any CPU
		{1B29996A-6928-4987-A041-17EF1946D6F2}.Debug|Any CPU.Build.0 = Debug|Any CPU
		{1B29996A-6928-4987-A041-17EF1946D6F2}.Debug|Mixed Platforms.ActiveCfg = Debug|Any CPU
		{1B29996A-6928-4987-A041-17EF1946D6F2}.Debug|Mixed Platforms.Build.0 = Debug|Any CPU
		{1B29996A-6928-4987-A041-17EF1946D6F2}.Debug|Win32.ActiveCfg = Debug|Any CPU
		{1B29996A-6928-4987-A041-17EF1946D6F2}.Debug|x86.ActiveCfg = Debug|Any CPU
		{1B29996A-6928-4987-A041-17EF1946D6F2}.Release|Any CPU.ActiveCfg = Release|Any CPU
		{1B29996A-6928-4987-A041-17EF1946D6F2}.Release|Any CPU.Build.0 = Release|Any CPU
		{1B29996A-6928-4987-A041-17EF1946D6F2}.Release|Mixed Platforms.ActiveCfg = Release|Any CPU
		{1B29996A-6928-4987-A041-17EF1946D6F2}.Release|Mixed Platforms.Build.0 = Release|Any CPU
		{1B29996A-6928-4987-A041-17EF1946D6F2}.Release|Win32.ActiveCfg = Release|Any CPU
		{1B29996A-6928-4987-A041-17EF1946D6F2}.Release|x86.ActiveCfg = Release|Any CPU
		{2F2B8C73-79DC-4889-A608-F47D71085F5D}.Debug|Any CPU.ActiveCfg = Debug|Any CPU
		{2F2B8C73-79DC-4889-A608-F47D71085F5D}.Debug|Any CPU.Build.0 = Debug|Any CPU
		{2F2B8C73-79DC-4889-A608-F47D71085F5D}.Debug|Mixed Platforms.ActiveCfg = Debug|Any CPU
		{2F2B8C73-79DC-4889-A608-F47D71085F5D}.Debug|Mixed Platforms.Build.0 = Debug|Any CPU
		{2F2B8C73-79DC-4889-A608-F47D71085F5D}.Debug|Win32.ActiveCfg = Debug|Any CPU
		{2F2B8C73-79DC-4889-A608-F47D71085F5D}.Debug|x86.ActiveCfg = Debug|Any CPU
		{2F2B8C73-79DC-4889-A608-F47D71085F5D}.Release|Any CPU.ActiveCfg = Release|Any CPU
		{2F2B8C73-79DC-4889-A608-F47D71085F5D}.Release|Any CPU.Build.0 = Release|Any CPU
		{2F2B8C73-79DC-4889-A608-F47D71085F5D}.Release|Mixed Platforms.ActiveCfg = Release|Any CPU
		{2F2B8C73-79DC-4889-A608-F47D71085F5D}.Release|Mixed Platforms.Build.0 = Release|Any CPU
		{2F2B8C73-79DC-4889-A608-F47D71085F5D}.Release|Win32.ActiveCfg = Release|Any CPU
		{2F2B8C73-79DC-4889-A608-F47D71085F5D}.Release|x86.ActiveCfg = Release|Any CPU
		{8B111C97-6565-47E7-AC9B-6B5C1EC491C9}.Debug|Any CPU.ActiveCfg = Debug|Any CPU
		{8B111C97-6565-47E7-AC9B-6B5C1EC491C9}.Debug|Any CPU.Build.0 = Debug|Any CPU
		{8B111C97-6565-47E7-AC9B-6B5C1EC491C9}.Debug|Mixed Platforms.ActiveCfg = Debug|Any CPU
		{8B111C97-6565-47E7-AC9B-6B5C1EC491C9}.Debug|Mixed Platforms.Build.0 = Debug|Any CPU
		{8B111C97-6565-47E7-AC9B-6B5C1EC491C9}.Debug|Win32.ActiveCfg = Debug|Any CPU
		{8B111C97-6565-47E7-AC9B-6B5C1EC491C9}.Debug|x86.ActiveCfg = Debug|Any CPU
		{8B111C97-6565-47E7-AC9B-6B5C1EC491C9}.Release|Any CPU.ActiveCfg = Release|Any CPU
		{8B111C97-6565-47E7-AC9B-6B5C1EC491C9}.Release|Any CPU.Build.0 = Release|Any CPU
		{8B111C97-6565-47E7-AC9B-6B5C1EC491C9}.Release|Mixed Platforms.ActiveCfg = Release|Any CPU
		{8B111C97-6565-47E7-AC9B-6B5C1EC491C9}.Release|Mixed Platforms.Build.0 = Release|Any CPU
		{8B111C97-6565-47E7-AC9B-6B5C1EC491C9}.Release|Win32.ActiveCfg = Release|Any CPU
		{8B111C97-6565-47E7-AC9B-6B5C1EC491C9}.Release|x86.ActiveCfg = Release|Any CPU
		{CC012B77-A080-44DD-930B-DE6826D76EB6}.Debug|Any CPU.ActiveCfg = Debug|Any CPU
		{CC012B77-A080-44DD-930B-DE6826D76EB6}.Debug|Any CPU.Build.0 = Debug|Any CPU
		{CC012B77-A080-44DD-930B-DE6826D76EB6}.Debug|Mixed Platforms.ActiveCfg = Debug|Any CPU
		{CC012B77-A080-44DD-930B-DE6826D76EB6}.Debug|Mixed Platforms.Build.0 = Debug|Any CPU
		{CC012B77-A080-44DD-930B-DE6826D76EB6}.Debug|Win32.ActiveCfg = Debug|Any CPU
		{CC012B77-A080-44DD-930B-DE6826D76EB6}.Debug|x86.ActiveCfg = Debug|Any CPU
		{CC012B77-A080-44DD-930B-DE6826D76EB6}.Release|Any CPU.ActiveCfg = Release|Any CPU
		{CC012B77-A080-44DD-930B-DE6826D76EB6}.Release|Any CPU.Build.0 = Release|Any CPU
		{CC012B77-A080-44DD-930B-DE6826D76EB6}.Release|Mixed Platforms.ActiveCfg = Release|Any CPU
		{CC012B77-A080-44DD-930B-DE6826D76EB6}.Release|Mixed Platforms.Build.0 = Release|Any CPU
		{CC012B77-A080-44DD-930B-DE6826D76EB6}.Release|Win32.ActiveCfg = Release|Any CPU
		{CC012B77-A080-44DD-930B-DE6826D76EB6}.Release|x86.ActiveCfg = Release|Any CPU
		{A6FABF0A-24A3-449A-A030-6213537BA9CD}.Debug|Any CPU.ActiveCfg = Debug|Any CPU
		{A6FABF0A-24A3-449A-A030-6213537BA9CD}.Debug|Any CPU.Build.0 = Debug|Any CPU
		{A6FABF0A-24A3-449A-A030-6213537BA9CD}.Debug|Mixed Platforms.ActiveCfg = Debug|Any CPU
		{A6FABF0A-24A3-449A-A030-6213537BA9CD}.Debug|Mixed Platforms.Build.0 = Debug|Any CPU
		{A6FABF0A-24A3-449A-A030-6213537BA9CD}.Debug|Win32.ActiveCfg = Debug|Any CPU
		{A6FABF0A-24A3-449A-A030-6213537BA9CD}.Debug|x86.ActiveCfg = Debug|Any CPU
		{A6FABF0A-24A3-449A-A030-6213537BA9CD}.Release|Any CPU.ActiveCfg = Release|Any CPU
		{A6FABF0A-24A3-449A-A030-6213537BA9CD}.Release|Any CPU.Build.0 = Release|Any CPU
		{A6FABF0A-24A3-449A-A030-6213537BA9CD}.Release|Mixed Platforms.ActiveCfg = Release|Any CPU
		{A6FABF0A-24A3-449A-A030-6213537BA9CD}.Release|Mixed Platforms.Build.0 = Release|Any CPU
		{A6FABF0A-24A3-449A-A030-6213537BA9CD}.Release|Win32.ActiveCfg = Release|Any CPU
		{A6FABF0A-24A3-449A-A030-6213537BA9CD}.Release|x86.ActiveCfg = Release|Any CPU
		{151EB468-6594-4E81-8ACB-C1CA5BD7C980}.Debug|Any CPU.ActiveCfg = Debug|Any CPU
		{151EB468-6594-4E81-8ACB-C1CA5BD7C980}.Debug|Any CPU.Build.0 = Debug|Any CPU
		{151EB468-6594-4E81-8ACB-C1CA5BD7C980}.Debug|Mixed Platforms.ActiveCfg = Debug|Any CPU
		{151EB468-6594-4E81-8ACB-C1CA5BD7C980}.Debug|Mixed Platforms.Build.0 = Debug|Any CPU
		{151EB468-6594-4E81-8ACB-C1CA5BD7C980}.Debug|Win32.ActiveCfg = Debug|Any CPU
		{151EB468-6594-4E81-8ACB-C1CA5BD7C980}.Debug|x86.ActiveCfg = Debug|Any CPU
		{151EB468-6594-4E81-8ACB-C1CA5BD7C980}.Release|Any CPU.ActiveCfg = Release|Any CPU
		{151EB468-6594-4E81-8ACB-C1CA5BD7C980}.Release|Any CPU.Build.0 = Release|Any CPU
		{151EB468-6594-4E81-8ACB-C1CA5BD7C980}.Release|Mixed Platforms.ActiveCfg = Release|Any CPU
		{151EB468-6594-4E81-8ACB-C1CA5BD7C980}.Release|Mixed Platforms.Build.0 = Release|Any CPU
		{151EB468-6594-4E81-8ACB-C1CA5BD7C980}.Release|Win32.ActiveCfg = Release|Any CPU
		{151EB468-6594-4E81-8ACB-C1CA5BD7C980}.Release|x86.ActiveCfg = Release|Any CPU
		{03DFB70A-0640-4265-A6BF-0B34A9075E68}.Debug|Any CPU.ActiveCfg = Debug|Any CPU
		{03DFB70A-0640-4265-A6BF-0B34A9075E68}.Debug|Any CPU.Build.0 = Debug|Any CPU
		{03DFB70A-0640-4265-A6BF-0B34A9075E68}.Debug|Mixed Platforms.ActiveCfg = Debug|Any CPU
		{03DFB70A-0640-4265-A6BF-0B34A9075E68}.Debug|Mixed Platforms.Build.0 = Debug|Any CPU
		{03DFB70A-0640-4265-A6BF-0B34A9075E68}.Debug|Win32.ActiveCfg = Debug|Any CPU
		{03DFB70A-0640-4265-A6BF-0B34A9075E68}.Debug|x86.ActiveCfg = Debug|Any CPU
		{03DFB70A-0640-4265-A6BF-0B34A9075E68}.Release|Any CPU.ActiveCfg = Release|Any CPU
		{03DFB70A-0640-4265-A6BF-0B34A9075E68}.Release|Any CPU.Build.0 = Release|Any CPU
		{03DFB70A-0640-4265-A6BF-0B34A9075E68}.Release|Mixed Platforms.ActiveCfg = Release|Any CPU
		{03DFB70A-0640-4265-A6BF-0B34A9075E68}.Release|Mixed Platforms.Build.0 = Release|Any CPU
		{03DFB70A-0640-4265-A6BF-0B34A9075E68}.Release|Win32.ActiveCfg = Release|Any CPU
		{03DFB70A-0640-4265-A6BF-0B34A9075E68}.Release|x86.ActiveCfg = Release|Any CPU
		{196AEC55-6127-4817-B29C-15E12C8F1761}.Debug|Any CPU.ActiveCfg = Debug|Any CPU
		{196AEC55-6127-4817-B29C-15E12C8F1761}.Debug|Any CPU.Build.0 = Debug|Any CPU
		{196AEC55-6127-4817-B29C-15E12C8F1761}.Debug|Mixed Platforms.ActiveCfg = Debug|Any CPU
		{196AEC55-6127-4817-B29C-15E12C8F1761}.Debug|Mixed Platforms.Build.0 = Debug|Any CPU
		{196AEC55-6127-4817-B29C-15E12C8F1761}.Debug|Win32.ActiveCfg = Debug|Any CPU
		{196AEC55-6127-4817-B29C-15E12C8F1761}.Debug|x86.ActiveCfg = Debug|Any CPU
		{196AEC55-6127-4817-B29C-15E12C8F1761}.Release|Any CPU.ActiveCfg = Release|Any CPU
		{196AEC55-6127-4817-B29C-15E12C8F1761}.Release|Any CPU.Build.0 = Release|Any CPU
		{196AEC55-6127-4817-B29C-15E12C8F1761}.Release|Mixed Platforms.ActiveCfg = Release|Any CPU
		{196AEC55-6127-4817-B29C-15E12C8F1761}.Release|Mixed Platforms.Build.0 = Release|Any CPU
		{196AEC55-6127-4817-B29C-15E12C8F1761}.Release|Win32.ActiveCfg = Release|Any CPU
		{196AEC55-6127-4817-B29C-15E12C8F1761}.Release|x86.ActiveCfg = Release|Any CPU
		{A7856141-BE76-4040-882D-4320FC5BAD60}.Debug|Any CPU.ActiveCfg = Debug|Any CPU
		{A7856141-BE76-4040-882D-4320FC5BAD60}.Debug|Any CPU.Build.0 = Debug|Any CPU
		{A7856141-BE76-4040-882D-4320FC5BAD60}.Debug|Mixed Platforms.ActiveCfg = Debug|Any CPU
		{A7856141-BE76-4040-882D-4320FC5BAD60}.Debug|Mixed Platforms.Build.0 = Debug|Any CPU
		{A7856141-BE76-4040-882D-4320FC5BAD60}.Debug|Win32.ActiveCfg = Debug|Any CPU
		{A7856141-BE76-4040-882D-4320FC5BAD60}.Debug|x86.ActiveCfg = Debug|Any CPU
		{A7856141-BE76-4040-882D-4320FC5BAD60}.Release|Any CPU.ActiveCfg = Release|Any CPU
		{A7856141-BE76-4040-882D-4320FC5BAD60}.Release|Any CPU.Build.0 = Release|Any CPU
		{A7856141-BE76-4040-882D-4320FC5BAD60}.Release|Mixed Platforms.ActiveCfg = Release|Any CPU
		{A7856141-BE76-4040-882D-4320FC5BAD60}.Release|Mixed Platforms.Build.0 = Release|Any CPU
		{A7856141-BE76-4040-882D-4320FC5BAD60}.Release|Win32.ActiveCfg = Release|Any CPU
		{A7856141-BE76-4040-882D-4320FC5BAD60}.Release|x86.ActiveCfg = Release|Any CPU
		{AB31011B-D2C3-48EF-A075-8472A284E3C1}.Debug|Any CPU.ActiveCfg = Debug|Win32
		{AB31011B-D2C3-48EF-A075-8472A284E3C1}.Debug|Mixed Platforms.ActiveCfg = Debug|Win32
		{AB31011B-D2C3-48EF-A075-8472A284E3C1}.Debug|Mixed Platforms.Build.0 = Debug|Win32
		{AB31011B-D2C3-48EF-A075-8472A284E3C1}.Debug|Win32.ActiveCfg = Debug|Win32
		{AB31011B-D2C3-48EF-A075-8472A284E3C1}.Debug|Win32.Build.0 = Debug|Win32
		{AB31011B-D2C3-48EF-A075-8472A284E3C1}.Debug|x86.ActiveCfg = Debug|Win32
		{AB31011B-D2C3-48EF-A075-8472A284E3C1}.Release|Any CPU.ActiveCfg = Release|Win32
		{AB31011B-D2C3-48EF-A075-8472A284E3C1}.Release|Mixed Platforms.ActiveCfg = Release|Win32
		{AB31011B-D2C3-48EF-A075-8472A284E3C1}.Release|Mixed Platforms.Build.0 = Release|Win32
		{AB31011B-D2C3-48EF-A075-8472A284E3C1}.Release|Win32.ActiveCfg = Release|Win32
		{AB31011B-D2C3-48EF-A075-8472A284E3C1}.Release|Win32.Build.0 = Release|Win32
		{AB31011B-D2C3-48EF-A075-8472A284E3C1}.Release|x86.ActiveCfg = Release|Win32
		{9FF3F149-F67C-4BAA-B542-6FA108DF5936}.Debug|Any CPU.ActiveCfg = Debug|Any CPU
		{9FF3F149-F67C-4BAA-B542-6FA108DF5936}.Debug|Any CPU.Build.0 = Debug|Any CPU
		{9FF3F149-F67C-4BAA-B542-6FA108DF5936}.Debug|Mixed Platforms.ActiveCfg = Debug|Any CPU
		{9FF3F149-F67C-4BAA-B542-6FA108DF5936}.Debug|Mixed Platforms.Build.0 = Debug|Any CPU
		{9FF3F149-F67C-4BAA-B542-6FA108DF5936}.Debug|Win32.ActiveCfg = Debug|Any CPU
		{9FF3F149-F67C-4BAA-B542-6FA108DF5936}.Debug|x86.ActiveCfg = Debug|Any CPU
		{9FF3F149-F67C-4BAA-B542-6FA108DF5936}.Release|Any CPU.ActiveCfg = Release|Any CPU
		{9FF3F149-F67C-4BAA-B542-6FA108DF5936}.Release|Any CPU.Build.0 = Release|Any CPU
		{9FF3F149-F67C-4BAA-B542-6FA108DF5936}.Release|Mixed Platforms.ActiveCfg = Release|Any CPU
		{9FF3F149-F67C-4BAA-B542-6FA108DF5936}.Release|Mixed Platforms.Build.0 = Release|Any CPU
		{9FF3F149-F67C-4BAA-B542-6FA108DF5936}.Release|Win32.ActiveCfg = Release|Any CPU
		{9FF3F149-F67C-4BAA-B542-6FA108DF5936}.Release|x86.ActiveCfg = Release|Any CPU
		{1A12C68D-7C3B-46A6-8406-10ADCFA51B7A}.Debug|Any CPU.ActiveCfg = Debug|Any CPU
		{1A12C68D-7C3B-46A6-8406-10ADCFA51B7A}.Debug|Any CPU.Build.0 = Debug|Any CPU
		{1A12C68D-7C3B-46A6-8406-10ADCFA51B7A}.Debug|Mixed Platforms.ActiveCfg = Debug|Any CPU
		{1A12C68D-7C3B-46A6-8406-10ADCFA51B7A}.Debug|Mixed Platforms.Build.0 = Debug|Any CPU
		{1A12C68D-7C3B-46A6-8406-10ADCFA51B7A}.Debug|Win32.ActiveCfg = Debug|Any CPU
		{1A12C68D-7C3B-46A6-8406-10ADCFA51B7A}.Debug|x86.ActiveCfg = Debug|Any CPU
		{1A12C68D-7C3B-46A6-8406-10ADCFA51B7A}.Release|Any CPU.ActiveCfg = Release|Any CPU
		{1A12C68D-7C3B-46A6-8406-10ADCFA51B7A}.Release|Any CPU.Build.0 = Release|Any CPU
		{1A12C68D-7C3B-46A6-8406-10ADCFA51B7A}.Release|Mixed Platforms.ActiveCfg = Release|Any CPU
		{1A12C68D-7C3B-46A6-8406-10ADCFA51B7A}.Release|Mixed Platforms.Build.0 = Release|Any CPU
		{1A12C68D-7C3B-46A6-8406-10ADCFA51B7A}.Release|Win32.ActiveCfg = Release|Any CPU
		{1A12C68D-7C3B-46A6-8406-10ADCFA51B7A}.Release|x86.ActiveCfg = Release|Any CPU
		{2259D77C-CE4D-46E1-81A7-431D7A529BB2}.Debug|Any CPU.ActiveCfg = Debug|Any CPU
		{2259D77C-CE4D-46E1-81A7-431D7A529BB2}.Debug|Any CPU.Build.0 = Debug|Any CPU
		{2259D77C-CE4D-46E1-81A7-431D7A529BB2}.Debug|Mixed Platforms.ActiveCfg = Debug|Any CPU
		{2259D77C-CE4D-46E1-81A7-431D7A529BB2}.Debug|Mixed Platforms.Build.0 = Debug|Any CPU
		{2259D77C-CE4D-46E1-81A7-431D7A529BB2}.Debug|Win32.ActiveCfg = Debug|Any CPU
		{2259D77C-CE4D-46E1-81A7-431D7A529BB2}.Debug|x86.ActiveCfg = Debug|Any CPU
		{2259D77C-CE4D-46E1-81A7-431D7A529BB2}.Release|Any CPU.ActiveCfg = Release|Any CPU
		{2259D77C-CE4D-46E1-81A7-431D7A529BB2}.Release|Any CPU.Build.0 = Release|Any CPU
		{2259D77C-CE4D-46E1-81A7-431D7A529BB2}.Release|Mixed Platforms.ActiveCfg = Release|Any CPU
		{2259D77C-CE4D-46E1-81A7-431D7A529BB2}.Release|Mixed Platforms.Build.0 = Release|Any CPU
		{2259D77C-CE4D-46E1-81A7-431D7A529BB2}.Release|Win32.ActiveCfg = Release|Any CPU
		{2259D77C-CE4D-46E1-81A7-431D7A529BB2}.Release|x86.ActiveCfg = Release|Any CPU
		{0F7D6525-047F-4FBC-804C-C92B3D00F518}.Debug|Any CPU.ActiveCfg = Debug|Any CPU
		{0F7D6525-047F-4FBC-804C-C92B3D00F518}.Debug|Any CPU.Build.0 = Debug|Any CPU
		{0F7D6525-047F-4FBC-804C-C92B3D00F518}.Debug|Mixed Platforms.ActiveCfg = Debug|Any CPU
		{0F7D6525-047F-4FBC-804C-C92B3D00F518}.Debug|Mixed Platforms.Build.0 = Debug|Any CPU
		{0F7D6525-047F-4FBC-804C-C92B3D00F518}.Debug|Win32.ActiveCfg = Debug|Any CPU
		{0F7D6525-047F-4FBC-804C-C92B3D00F518}.Debug|x86.ActiveCfg = Debug|Any CPU
		{0F7D6525-047F-4FBC-804C-C92B3D00F518}.Release|Any CPU.ActiveCfg = Release|Any CPU
		{0F7D6525-047F-4FBC-804C-C92B3D00F518}.Release|Any CPU.Build.0 = Release|Any CPU
		{0F7D6525-047F-4FBC-804C-C92B3D00F518}.Release|Mixed Platforms.ActiveCfg = Release|Any CPU
		{0F7D6525-047F-4FBC-804C-C92B3D00F518}.Release|Mixed Platforms.Build.0 = Release|Any CPU
		{0F7D6525-047F-4FBC-804C-C92B3D00F518}.Release|Win32.ActiveCfg = Release|Any CPU
		{0F7D6525-047F-4FBC-804C-C92B3D00F518}.Release|x86.ActiveCfg = Release|Any CPU
		{514AE618-CF33-43C3-AC85-C11DA6682191}.Debug|Any CPU.ActiveCfg = Debug|Any CPU
		{514AE618-CF33-43C3-AC85-C11DA6682191}.Debug|Any CPU.Build.0 = Debug|Any CPU
		{514AE618-CF33-43C3-AC85-C11DA6682191}.Debug|Mixed Platforms.ActiveCfg = Debug|Any CPU
		{514AE618-CF33-43C3-AC85-C11DA6682191}.Debug|Mixed Platforms.Build.0 = Debug|Any CPU
		{514AE618-CF33-43C3-AC85-C11DA6682191}.Debug|Win32.ActiveCfg = Debug|Any CPU
		{514AE618-CF33-43C3-AC85-C11DA6682191}.Debug|x86.ActiveCfg = Debug|Any CPU
		{514AE618-CF33-43C3-AC85-C11DA6682191}.Release|Any CPU.ActiveCfg = Release|Any CPU
		{514AE618-CF33-43C3-AC85-C11DA6682191}.Release|Any CPU.Build.0 = Release|Any CPU
		{514AE618-CF33-43C3-AC85-C11DA6682191}.Release|Mixed Platforms.ActiveCfg = Release|Any CPU
		{514AE618-CF33-43C3-AC85-C11DA6682191}.Release|Mixed Platforms.Build.0 = Release|Any CPU
		{514AE618-CF33-43C3-AC85-C11DA6682191}.Release|Win32.ActiveCfg = Release|Any CPU
		{514AE618-CF33-43C3-AC85-C11DA6682191}.Release|x86.ActiveCfg = Release|Any CPU
		{4F37D562-5F22-496B-80A2-4D17C9ED54E9}.Debug|Any CPU.ActiveCfg = Debug|Any CPU
		{4F37D562-5F22-496B-80A2-4D17C9ED54E9}.Debug|Any CPU.Build.0 = Debug|Any CPU
		{4F37D562-5F22-496B-80A2-4D17C9ED54E9}.Debug|Mixed Platforms.ActiveCfg = Debug|Any CPU
		{4F37D562-5F22-496B-80A2-4D17C9ED54E9}.Debug|Mixed Platforms.Build.0 = Debug|Any CPU
		{4F37D562-5F22-496B-80A2-4D17C9ED54E9}.Debug|Win32.ActiveCfg = Debug|Any CPU
		{4F37D562-5F22-496B-80A2-4D17C9ED54E9}.Debug|x86.ActiveCfg = Debug|Any CPU
		{4F37D562-5F22-496B-80A2-4D17C9ED54E9}.Release|Any CPU.ActiveCfg = Release|Any CPU
		{4F37D562-5F22-496B-80A2-4D17C9ED54E9}.Release|Any CPU.Build.0 = Release|Any CPU
		{4F37D562-5F22-496B-80A2-4D17C9ED54E9}.Release|Mixed Platforms.ActiveCfg = Release|Any CPU
		{4F37D562-5F22-496B-80A2-4D17C9ED54E9}.Release|Mixed Platforms.Build.0 = Release|Any CPU
		{4F37D562-5F22-496B-80A2-4D17C9ED54E9}.Release|Win32.ActiveCfg = Release|Any CPU
		{4F37D562-5F22-496B-80A2-4D17C9ED54E9}.Release|x86.ActiveCfg = Release|Any CPU
		{6CC1095B-3D96-4382-A53A-7B42C97130A2}.Debug|Any CPU.ActiveCfg = Debug|Any CPU
		{6CC1095B-3D96-4382-A53A-7B42C97130A2}.Debug|Any CPU.Build.0 = Debug|Any CPU
		{6CC1095B-3D96-4382-A53A-7B42C97130A2}.Debug|Mixed Platforms.ActiveCfg = Debug|Any CPU
		{6CC1095B-3D96-4382-A53A-7B42C97130A2}.Debug|Mixed Platforms.Build.0 = Debug|Any CPU
		{6CC1095B-3D96-4382-A53A-7B42C97130A2}.Debug|Win32.ActiveCfg = Debug|Any CPU
		{6CC1095B-3D96-4382-A53A-7B42C97130A2}.Debug|x86.ActiveCfg = Debug|Any CPU
		{6CC1095B-3D96-4382-A53A-7B42C97130A2}.Release|Any CPU.ActiveCfg = Release|Any CPU
		{6CC1095B-3D96-4382-A53A-7B42C97130A2}.Release|Any CPU.Build.0 = Release|Any CPU
		{6CC1095B-3D96-4382-A53A-7B42C97130A2}.Release|Mixed Platforms.ActiveCfg = Release|Any CPU
		{6CC1095B-3D96-4382-A53A-7B42C97130A2}.Release|Mixed Platforms.Build.0 = Release|Any CPU
		{6CC1095B-3D96-4382-A53A-7B42C97130A2}.Release|Win32.ActiveCfg = Release|Any CPU
		{6CC1095B-3D96-4382-A53A-7B42C97130A2}.Release|x86.ActiveCfg = Release|Any CPU
		{C39C38ED-85AE-46E4-AE99-68E3CCBF1CE9}.Debug|Any CPU.ActiveCfg = Debug|Any CPU
		{C39C38ED-85AE-46E4-AE99-68E3CCBF1CE9}.Debug|Any CPU.Build.0 = Debug|Any CPU
		{C39C38ED-85AE-46E4-AE99-68E3CCBF1CE9}.Debug|Mixed Platforms.ActiveCfg = Debug|Any CPU
		{C39C38ED-85AE-46E4-AE99-68E3CCBF1CE9}.Debug|Mixed Platforms.Build.0 = Debug|Any CPU
		{C39C38ED-85AE-46E4-AE99-68E3CCBF1CE9}.Debug|Win32.ActiveCfg = Debug|Any CPU
		{C39C38ED-85AE-46E4-AE99-68E3CCBF1CE9}.Debug|x86.ActiveCfg = Debug|Any CPU
		{C39C38ED-85AE-46E4-AE99-68E3CCBF1CE9}.Release|Any CPU.ActiveCfg = Release|Any CPU
		{C39C38ED-85AE-46E4-AE99-68E3CCBF1CE9}.Release|Any CPU.Build.0 = Release|Any CPU
		{C39C38ED-85AE-46E4-AE99-68E3CCBF1CE9}.Release|Mixed Platforms.ActiveCfg = Release|Any CPU
		{C39C38ED-85AE-46E4-AE99-68E3CCBF1CE9}.Release|Mixed Platforms.Build.0 = Release|Any CPU
		{C39C38ED-85AE-46E4-AE99-68E3CCBF1CE9}.Release|Win32.ActiveCfg = Release|Any CPU
		{C39C38ED-85AE-46E4-AE99-68E3CCBF1CE9}.Release|x86.ActiveCfg = Release|Any CPU
		{51B46A29-2E63-42F8-A28D-F696E5AD7945}.Debug|Any CPU.ActiveCfg = Debug|Any CPU
		{51B46A29-2E63-42F8-A28D-F696E5AD7945}.Debug|Any CPU.Build.0 = Debug|Any CPU
		{51B46A29-2E63-42F8-A28D-F696E5AD7945}.Debug|Mixed Platforms.ActiveCfg = Debug|Any CPU
		{51B46A29-2E63-42F8-A28D-F696E5AD7945}.Debug|Mixed Platforms.Build.0 = Debug|Any CPU
		{51B46A29-2E63-42F8-A28D-F696E5AD7945}.Debug|Win32.ActiveCfg = Debug|Any CPU
		{51B46A29-2E63-42F8-A28D-F696E5AD7945}.Debug|x86.ActiveCfg = Debug|Any CPU
		{51B46A29-2E63-42F8-A28D-F696E5AD7945}.Release|Any CPU.ActiveCfg = Release|Any CPU
		{51B46A29-2E63-42F8-A28D-F696E5AD7945}.Release|Any CPU.Build.0 = Release|Any CPU
		{51B46A29-2E63-42F8-A28D-F696E5AD7945}.Release|Mixed Platforms.ActiveCfg = Release|Any CPU
		{51B46A29-2E63-42F8-A28D-F696E5AD7945}.Release|Mixed Platforms.Build.0 = Release|Any CPU
		{51B46A29-2E63-42F8-A28D-F696E5AD7945}.Release|Win32.ActiveCfg = Release|Any CPU
		{51B46A29-2E63-42F8-A28D-F696E5AD7945}.Release|x86.ActiveCfg = Release|Any CPU
		{0DC6C6F3-FB02-4EDC-98A1-5F1F47D7B9AA}.Debug|Any CPU.ActiveCfg = Debug|Any CPU
		{0DC6C6F3-FB02-4EDC-98A1-5F1F47D7B9AA}.Debug|Any CPU.Build.0 = Debug|Any CPU
		{0DC6C6F3-FB02-4EDC-98A1-5F1F47D7B9AA}.Debug|Mixed Platforms.ActiveCfg = Debug|Any CPU
		{0DC6C6F3-FB02-4EDC-98A1-5F1F47D7B9AA}.Debug|Mixed Platforms.Build.0 = Debug|Any CPU
		{0DC6C6F3-FB02-4EDC-98A1-5F1F47D7B9AA}.Debug|Win32.ActiveCfg = Debug|Any CPU
		{0DC6C6F3-FB02-4EDC-98A1-5F1F47D7B9AA}.Debug|x86.ActiveCfg = Debug|Any CPU
		{0DC6C6F3-FB02-4EDC-98A1-5F1F47D7B9AA}.Release|Any CPU.ActiveCfg = Release|Any CPU
		{0DC6C6F3-FB02-4EDC-98A1-5F1F47D7B9AA}.Release|Any CPU.Build.0 = Release|Any CPU
		{0DC6C6F3-FB02-4EDC-98A1-5F1F47D7B9AA}.Release|Mixed Platforms.ActiveCfg = Release|Any CPU
		{0DC6C6F3-FB02-4EDC-98A1-5F1F47D7B9AA}.Release|Mixed Platforms.Build.0 = Release|Any CPU
		{0DC6C6F3-FB02-4EDC-98A1-5F1F47D7B9AA}.Release|Win32.ActiveCfg = Release|Any CPU
		{0DC6C6F3-FB02-4EDC-98A1-5F1F47D7B9AA}.Release|x86.ActiveCfg = Release|Any CPU
		{B87B1453-6725-42A5-91CC-CA2F9F565E0F}.Debug|Any CPU.ActiveCfg = Debug|Any CPU
		{B87B1453-6725-42A5-91CC-CA2F9F565E0F}.Debug|Any CPU.Build.0 = Debug|Any CPU
		{B87B1453-6725-42A5-91CC-CA2F9F565E0F}.Debug|Mixed Platforms.ActiveCfg = Debug|Any CPU
		{B87B1453-6725-42A5-91CC-CA2F9F565E0F}.Debug|Mixed Platforms.Build.0 = Debug|Any CPU
		{B87B1453-6725-42A5-91CC-CA2F9F565E0F}.Debug|Win32.ActiveCfg = Debug|Any CPU
		{B87B1453-6725-42A5-91CC-CA2F9F565E0F}.Debug|x86.ActiveCfg = Debug|Any CPU
		{B87B1453-6725-42A5-91CC-CA2F9F565E0F}.Release|Any CPU.ActiveCfg = Release|Any CPU
		{B87B1453-6725-42A5-91CC-CA2F9F565E0F}.Release|Any CPU.Build.0 = Release|Any CPU
		{B87B1453-6725-42A5-91CC-CA2F9F565E0F}.Release|Mixed Platforms.ActiveCfg = Release|Any CPU
		{B87B1453-6725-42A5-91CC-CA2F9F565E0F}.Release|Mixed Platforms.Build.0 = Release|Any CPU
		{B87B1453-6725-42A5-91CC-CA2F9F565E0F}.Release|Win32.ActiveCfg = Release|Any CPU
		{B87B1453-6725-42A5-91CC-CA2F9F565E0F}.Release|x86.ActiveCfg = Release|Any CPU
		{1472F462-4CD7-4CB8-A403-4F0D532D08C0}.Debug|Any CPU.ActiveCfg = Debug|Any CPU
		{1472F462-4CD7-4CB8-A403-4F0D532D08C0}.Debug|Any CPU.Build.0 = Debug|Any CPU
		{1472F462-4CD7-4CB8-A403-4F0D532D08C0}.Debug|Mixed Platforms.ActiveCfg = Debug|Any CPU
		{1472F462-4CD7-4CB8-A403-4F0D532D08C0}.Debug|Mixed Platforms.Build.0 = Debug|Any CPU
		{1472F462-4CD7-4CB8-A403-4F0D532D08C0}.Debug|Win32.ActiveCfg = Debug|Any CPU
		{1472F462-4CD7-4CB8-A403-4F0D532D08C0}.Debug|x86.ActiveCfg = Debug|Any CPU
		{1472F462-4CD7-4CB8-A403-4F0D532D08C0}.Release|Any CPU.ActiveCfg = Release|Any CPU
		{1472F462-4CD7-4CB8-A403-4F0D532D08C0}.Release|Any CPU.Build.0 = Release|Any CPU
		{1472F462-4CD7-4CB8-A403-4F0D532D08C0}.Release|Mixed Platforms.ActiveCfg = Release|Any CPU
		{1472F462-4CD7-4CB8-A403-4F0D532D08C0}.Release|Mixed Platforms.Build.0 = Release|Any CPU
		{1472F462-4CD7-4CB8-A403-4F0D532D08C0}.Release|Win32.ActiveCfg = Release|Any CPU
		{1472F462-4CD7-4CB8-A403-4F0D532D08C0}.Release|x86.ActiveCfg = Release|Any CPU
		{FDF44C66-D844-4721-9A29-48705B0F7328}.Debug|Any CPU.ActiveCfg = Debug|Any CPU
		{FDF44C66-D844-4721-9A29-48705B0F7328}.Debug|Any CPU.Build.0 = Debug|Any CPU
		{FDF44C66-D844-4721-9A29-48705B0F7328}.Debug|Mixed Platforms.ActiveCfg = Debug|Any CPU
		{FDF44C66-D844-4721-9A29-48705B0F7328}.Debug|Mixed Platforms.Build.0 = Debug|Any CPU
		{FDF44C66-D844-4721-9A29-48705B0F7328}.Debug|Win32.ActiveCfg = Debug|Any CPU
		{FDF44C66-D844-4721-9A29-48705B0F7328}.Debug|x86.ActiveCfg = Debug|Any CPU
		{FDF44C66-D844-4721-9A29-48705B0F7328}.Release|Any CPU.ActiveCfg = Release|Any CPU
		{FDF44C66-D844-4721-9A29-48705B0F7328}.Release|Any CPU.Build.0 = Release|Any CPU
		{FDF44C66-D844-4721-9A29-48705B0F7328}.Release|Mixed Platforms.ActiveCfg = Release|Any CPU
		{FDF44C66-D844-4721-9A29-48705B0F7328}.Release|Mixed Platforms.Build.0 = Release|Any CPU
		{FDF44C66-D844-4721-9A29-48705B0F7328}.Release|Win32.ActiveCfg = Release|Any CPU
		{FDF44C66-D844-4721-9A29-48705B0F7328}.Release|x86.ActiveCfg = Release|Any CPU
		{74EFD5A3-FE23-4301-BDB9-A0770EA8A6B3}.Debug|Any CPU.ActiveCfg = Debug|Any CPU
		{74EFD5A3-FE23-4301-BDB9-A0770EA8A6B3}.Debug|Any CPU.Build.0 = Debug|Any CPU
		{74EFD5A3-FE23-4301-BDB9-A0770EA8A6B3}.Debug|Mixed Platforms.ActiveCfg = Debug|Any CPU
		{74EFD5A3-FE23-4301-BDB9-A0770EA8A6B3}.Debug|Mixed Platforms.Build.0 = Debug|Any CPU
		{74EFD5A3-FE23-4301-BDB9-A0770EA8A6B3}.Debug|Win32.ActiveCfg = Debug|Any CPU
		{74EFD5A3-FE23-4301-BDB9-A0770EA8A6B3}.Debug|x86.ActiveCfg = Debug|Any CPU
		{74EFD5A3-FE23-4301-BDB9-A0770EA8A6B3}.Release|Any CPU.ActiveCfg = Release|Any CPU
		{74EFD5A3-FE23-4301-BDB9-A0770EA8A6B3}.Release|Any CPU.Build.0 = Release|Any CPU
		{74EFD5A3-FE23-4301-BDB9-A0770EA8A6B3}.Release|Mixed Platforms.ActiveCfg = Release|Any CPU
		{74EFD5A3-FE23-4301-BDB9-A0770EA8A6B3}.Release|Mixed Platforms.Build.0 = Release|Any CPU
		{74EFD5A3-FE23-4301-BDB9-A0770EA8A6B3}.Release|Win32.ActiveCfg = Release|Any CPU
		{74EFD5A3-FE23-4301-BDB9-A0770EA8A6B3}.Release|x86.ActiveCfg = Release|Any CPU
		{BBE4B83E-916C-40B0-89C1-6D7956D3EB50}.Debug|Any CPU.ActiveCfg = Debug|Any CPU
		{BBE4B83E-916C-40B0-89C1-6D7956D3EB50}.Debug|Any CPU.Build.0 = Debug|Any CPU
		{BBE4B83E-916C-40B0-89C1-6D7956D3EB50}.Debug|Mixed Platforms.ActiveCfg = Debug|Any CPU
		{BBE4B83E-916C-40B0-89C1-6D7956D3EB50}.Debug|Mixed Platforms.Build.0 = Debug|Any CPU
		{BBE4B83E-916C-40B0-89C1-6D7956D3EB50}.Debug|Win32.ActiveCfg = Debug|Any CPU
		{BBE4B83E-916C-40B0-89C1-6D7956D3EB50}.Debug|x86.ActiveCfg = Debug|Any CPU
		{BBE4B83E-916C-40B0-89C1-6D7956D3EB50}.Release|Any CPU.ActiveCfg = Release|Any CPU
		{BBE4B83E-916C-40B0-89C1-6D7956D3EB50}.Release|Any CPU.Build.0 = Release|Any CPU
		{BBE4B83E-916C-40B0-89C1-6D7956D3EB50}.Release|Mixed Platforms.ActiveCfg = Release|Any CPU
		{BBE4B83E-916C-40B0-89C1-6D7956D3EB50}.Release|Mixed Platforms.Build.0 = Release|Any CPU
		{BBE4B83E-916C-40B0-89C1-6D7956D3EB50}.Release|Win32.ActiveCfg = Release|Any CPU
		{BBE4B83E-916C-40B0-89C1-6D7956D3EB50}.Release|x86.ActiveCfg = Release|Any CPU
		{54E0FE96-496F-4AF8-AD2D-8C7513CC489F}.Debug|Any CPU.ActiveCfg = Debug|Any CPU
		{54E0FE96-496F-4AF8-AD2D-8C7513CC489F}.Debug|Any CPU.Build.0 = Debug|Any CPU
		{54E0FE96-496F-4AF8-AD2D-8C7513CC489F}.Debug|Mixed Platforms.ActiveCfg = Debug|Any CPU
		{54E0FE96-496F-4AF8-AD2D-8C7513CC489F}.Debug|Mixed Platforms.Build.0 = Debug|Any CPU
		{54E0FE96-496F-4AF8-AD2D-8C7513CC489F}.Debug|Win32.ActiveCfg = Debug|Any CPU
		{54E0FE96-496F-4AF8-AD2D-8C7513CC489F}.Debug|x86.ActiveCfg = Debug|Any CPU
		{54E0FE96-496F-4AF8-AD2D-8C7513CC489F}.Release|Any CPU.ActiveCfg = Release|Any CPU
		{54E0FE96-496F-4AF8-AD2D-8C7513CC489F}.Release|Any CPU.Build.0 = Release|Any CPU
		{54E0FE96-496F-4AF8-AD2D-8C7513CC489F}.Release|Mixed Platforms.ActiveCfg = Release|Any CPU
		{54E0FE96-496F-4AF8-AD2D-8C7513CC489F}.Release|Mixed Platforms.Build.0 = Release|Any CPU
		{54E0FE96-496F-4AF8-AD2D-8C7513CC489F}.Release|Win32.ActiveCfg = Release|Any CPU
		{54E0FE96-496F-4AF8-AD2D-8C7513CC489F}.Release|x86.ActiveCfg = Release|Any CPU
		{53B3A3EE-609E-4328-8176-1B076BEAB207}.Debug|Any CPU.ActiveCfg = Debug|Any CPU
		{53B3A3EE-609E-4328-8176-1B076BEAB207}.Debug|Any CPU.Build.0 = Debug|Any CPU
		{53B3A3EE-609E-4328-8176-1B076BEAB207}.Debug|Mixed Platforms.ActiveCfg = Debug|Any CPU
		{53B3A3EE-609E-4328-8176-1B076BEAB207}.Debug|Mixed Platforms.Build.0 = Debug|Any CPU
		{53B3A3EE-609E-4328-8176-1B076BEAB207}.Debug|Win32.ActiveCfg = Debug|Any CPU
		{53B3A3EE-609E-4328-8176-1B076BEAB207}.Debug|x86.ActiveCfg = Debug|Any CPU
		{53B3A3EE-609E-4328-8176-1B076BEAB207}.Release|Any CPU.ActiveCfg = Release|Any CPU
		{53B3A3EE-609E-4328-8176-1B076BEAB207}.Release|Any CPU.Build.0 = Release|Any CPU
		{53B3A3EE-609E-4328-8176-1B076BEAB207}.Release|Mixed Platforms.ActiveCfg = Release|Any CPU
		{53B3A3EE-609E-4328-8176-1B076BEAB207}.Release|Mixed Platforms.Build.0 = Release|Any CPU
		{53B3A3EE-609E-4328-8176-1B076BEAB207}.Release|Win32.ActiveCfg = Release|Any CPU
		{53B3A3EE-609E-4328-8176-1B076BEAB207}.Release|x86.ActiveCfg = Release|Any CPU
		{18A9F14E-7249-4770-82E4-26C2FBCBF4FA}.Debug|Any CPU.ActiveCfg = Debug|Any CPU
		{18A9F14E-7249-4770-82E4-26C2FBCBF4FA}.Debug|Any CPU.Build.0 = Debug|Any CPU
		{18A9F14E-7249-4770-82E4-26C2FBCBF4FA}.Debug|Mixed Platforms.ActiveCfg = Debug|Any CPU
		{18A9F14E-7249-4770-82E4-26C2FBCBF4FA}.Debug|Mixed Platforms.Build.0 = Debug|Any CPU
		{18A9F14E-7249-4770-82E4-26C2FBCBF4FA}.Debug|Win32.ActiveCfg = Debug|Any CPU
		{18A9F14E-7249-4770-82E4-26C2FBCBF4FA}.Debug|x86.ActiveCfg = Debug|Any CPU
		{18A9F14E-7249-4770-82E4-26C2FBCBF4FA}.Release|Any CPU.ActiveCfg = Release|Any CPU
		{18A9F14E-7249-4770-82E4-26C2FBCBF4FA}.Release|Any CPU.Build.0 = Release|Any CPU
		{18A9F14E-7249-4770-82E4-26C2FBCBF4FA}.Release|Mixed Platforms.ActiveCfg = Release|Any CPU
		{18A9F14E-7249-4770-82E4-26C2FBCBF4FA}.Release|Mixed Platforms.Build.0 = Release|Any CPU
		{18A9F14E-7249-4770-82E4-26C2FBCBF4FA}.Release|Win32.ActiveCfg = Release|Any CPU
		{18A9F14E-7249-4770-82E4-26C2FBCBF4FA}.Release|x86.ActiveCfg = Release|Any CPU
		{0C9B3B06-78DC-45A1-AED0-490F1B93DEE3}.Debug|Any CPU.ActiveCfg = Debug|Any CPU
		{0C9B3B06-78DC-45A1-AED0-490F1B93DEE3}.Debug|Any CPU.Build.0 = Debug|Any CPU
		{0C9B3B06-78DC-45A1-AED0-490F1B93DEE3}.Debug|Mixed Platforms.ActiveCfg = Debug|Any CPU
		{0C9B3B06-78DC-45A1-AED0-490F1B93DEE3}.Debug|Mixed Platforms.Build.0 = Debug|Any CPU
		{0C9B3B06-78DC-45A1-AED0-490F1B93DEE3}.Debug|Win32.ActiveCfg = Debug|Any CPU
		{0C9B3B06-78DC-45A1-AED0-490F1B93DEE3}.Debug|x86.ActiveCfg = Debug|Any CPU
		{0C9B3B06-78DC-45A1-AED0-490F1B93DEE3}.Release|Any CPU.ActiveCfg = Release|Any CPU
		{0C9B3B06-78DC-45A1-AED0-490F1B93DEE3}.Release|Any CPU.Build.0 = Release|Any CPU
		{0C9B3B06-78DC-45A1-AED0-490F1B93DEE3}.Release|Mixed Platforms.ActiveCfg = Release|Any CPU
		{0C9B3B06-78DC-45A1-AED0-490F1B93DEE3}.Release|Mixed Platforms.Build.0 = Release|Any CPU
		{0C9B3B06-78DC-45A1-AED0-490F1B93DEE3}.Release|Win32.ActiveCfg = Release|Any CPU
		{0C9B3B06-78DC-45A1-AED0-490F1B93DEE3}.Release|x86.ActiveCfg = Release|Any CPU
		{1629398F-C805-4C05-8CA4-0D89AF751219}.Debug|Any CPU.ActiveCfg = Debug|Any CPU
		{1629398F-C805-4C05-8CA4-0D89AF751219}.Debug|Any CPU.Build.0 = Debug|Any CPU
		{1629398F-C805-4C05-8CA4-0D89AF751219}.Debug|Mixed Platforms.ActiveCfg = Debug|Any CPU
		{1629398F-C805-4C05-8CA4-0D89AF751219}.Debug|Mixed Platforms.Build.0 = Debug|Any CPU
		{1629398F-C805-4C05-8CA4-0D89AF751219}.Debug|Win32.ActiveCfg = Debug|Any CPU
		{1629398F-C805-4C05-8CA4-0D89AF751219}.Debug|x86.ActiveCfg = Debug|Any CPU
		{1629398F-C805-4C05-8CA4-0D89AF751219}.Release|Any CPU.ActiveCfg = Release|Any CPU
		{1629398F-C805-4C05-8CA4-0D89AF751219}.Release|Any CPU.Build.0 = Release|Any CPU
		{1629398F-C805-4C05-8CA4-0D89AF751219}.Release|Mixed Platforms.ActiveCfg = Release|Any CPU
		{1629398F-C805-4C05-8CA4-0D89AF751219}.Release|Mixed Platforms.Build.0 = Release|Any CPU
		{1629398F-C805-4C05-8CA4-0D89AF751219}.Release|Win32.ActiveCfg = Release|Any CPU
		{1629398F-C805-4C05-8CA4-0D89AF751219}.Release|x86.ActiveCfg = Release|Any CPU
		{79CD14ED-E6E0-491F-B3DF-E9F10CB16BCD}.Debug|Any CPU.ActiveCfg = Debug|Any CPU
		{79CD14ED-E6E0-491F-B3DF-E9F10CB16BCD}.Debug|Any CPU.Build.0 = Debug|Any CPU
		{79CD14ED-E6E0-491F-B3DF-E9F10CB16BCD}.Debug|Mixed Platforms.ActiveCfg = Debug|Any CPU
		{79CD14ED-E6E0-491F-B3DF-E9F10CB16BCD}.Debug|Mixed Platforms.Build.0 = Debug|Any CPU
		{79CD14ED-E6E0-491F-B3DF-E9F10CB16BCD}.Debug|Win32.ActiveCfg = Debug|Any CPU
		{79CD14ED-E6E0-491F-B3DF-E9F10CB16BCD}.Debug|x86.ActiveCfg = Debug|Any CPU
		{79CD14ED-E6E0-491F-B3DF-E9F10CB16BCD}.Release|Any CPU.ActiveCfg = Release|Any CPU
		{79CD14ED-E6E0-491F-B3DF-E9F10CB16BCD}.Release|Any CPU.Build.0 = Release|Any CPU
		{79CD14ED-E6E0-491F-B3DF-E9F10CB16BCD}.Release|Mixed Platforms.ActiveCfg = Release|Any CPU
		{79CD14ED-E6E0-491F-B3DF-E9F10CB16BCD}.Release|Mixed Platforms.Build.0 = Release|Any CPU
		{79CD14ED-E6E0-491F-B3DF-E9F10CB16BCD}.Release|Win32.ActiveCfg = Release|Any CPU
		{79CD14ED-E6E0-491F-B3DF-E9F10CB16BCD}.Release|x86.ActiveCfg = Release|Any CPU
	EndGlobalSection
	GlobalSection(SolutionProperties) = preSolution
		HideSolutionNode = FALSE
	EndGlobalSection
EndGlobal
